
Microsoft Visual Studio Solution File, Format Version 12.00
# Visual Studio Version 17
VisualStudioVersion = 17.6.33829.357
MinimumVisualStudioVersion = 10.0.40219.1
Project("{FAE04EC0-301F-11D3-BF4B-00C04F79EFBC}") = "FarmController.Api", "FarmControllerApi\FarmController.Api.csproj", "{D4DA242D-5192-4912-9372-BC8BD341DF9D}"
EndProject
Project("{FAE04EC0-301F-11D3-BF4B-00C04F79EFBC}") = "FarmController.Core", "FarmController.Core\FarmController.Core.csproj", "{B033E6BC-E2EB-49C2-9E5A-FAC40C396195}"
EndProject
Project("{FAE04EC0-301F-11D3-BF4B-00C04F79EFBC}") = "FarmController.Infrastructure", "FarmController.Infrastructure\FarmController.Infrastructure.csproj", "{424A23DD-5B99-4663-BA5B-9BF66E13A199}"
EndProject
Project("{FAE04EC0-301F-11D3-BF4B-00C04F79EFBC}") = "FarmController.Application", "FarmController.Application\FarmController.Application.csproj", "{88B7EA02-2905-4D4C-B88C-0CFC26222FDE}"
EndProject
Global
	GlobalSection(SolutionConfigurationPlatforms) = preSolution
		Debug|Any CPU = Debug|Any CPU
		Release|Any CPU = Release|Any CPU
	EndGlobalSection
	GlobalSection(ProjectConfigurationPlatforms) = postSolution
		{D4DA242D-5192-4912-9372-BC8BD341DF9D}.Debug|Any CPU.ActiveCfg = Debug|Any CPU
		{D4DA242D-5192-4912-9372-BC8BD341DF9D}.Debug|Any CPU.Build.0 = Debug|Any CPU
		{D4DA242D-5192-4912-9372-BC8BD341DF9D}.Release|Any CPU.ActiveCfg = Release|Any CPU
		{D4DA242D-5192-4912-9372-BC8BD341DF9D}.Release|Any CPU.Build.0 = Release|Any CPU
		{B033E6BC-E2EB-49C2-9E5A-FAC40C396195}.Debug|Any CPU.ActiveCfg = Debug|Any CPU
		{B033E6BC-E2EB-49C2-9E5A-FAC40C396195}.Debug|Any CPU.Build.0 = Debug|Any CPU
		{B033E6BC-E2EB-49C2-9E5A-FAC40C396195}.Release|Any CPU.ActiveCfg = Release|Any CPU
		{B033E6BC-E2EB-49C2-9E5A-FAC40C396195}.Release|Any CPU.Build.0 = Release|Any CPU
		{424A23DD-5B99-4663-BA5B-9BF66E13A199}.Debug|Any CPU.ActiveCfg = Debug|Any CPU
		{424A23DD-5B99-4663-BA5B-9BF66E13A199}.Debug|Any CPU.Build.0 = Debug|Any CPU
		{424A23DD-5B99-4663-BA5B-9BF66E13A199}.Release|Any CPU.ActiveCfg = Release|Any CPU
		{424A23DD-5B99-4663-BA5B-9BF66E13A199}.Release|Any CPU.Build.0 = Release|Any CPU
		{88B7EA02-2905-4D4C-B88C-0CFC26222FDE}.Debug|Any CPU.ActiveCfg = Debug|Any CPU
		{88B7EA02-2905-4D4C-B88C-0CFC26222FDE}.Debug|Any CPU.Build.0 = Debug|Any CPU
		{88B7EA02-2905-4D4C-B88C-0CFC26222FDE}.Release|Any CPU.ActiveCfg = Release|Any CPU
		{88B7EA02-2905-4D4C-B88C-0CFC26222FDE}.Release|Any CPU.Build.0 = Release|Any CPU
	EndGlobalSection
	GlobalSection(SolutionProperties) = preSolution
		HideSolutionNode = FALSE
	EndGlobalSection
	GlobalSection(ExtensibilityGlobals) = postSolution
		SolutionGuid = {5D6337BD-A42F-4768-97CB-EFD7833231C4}
	EndGlobalSection
EndGlobal
